
Microsoft Visual Studio Solution File, Format Version 12.00
# Visual Studio Version 17
VisualStudioVersion = 17.4.33205.214
MinimumVisualStudioVersion = 10.0.40219.1
Project("{F184B08F-C81C-45F6-A57F-5ABD9991F28F}") = "Actividad-1", "Actividad-1\Actividad-1.vbproj", "{3D521B71-B4CA-4721-8E2B-1C9B306C98ED}"
EndProject
Global
	GlobalSection(SolutionConfigurationPlatforms) = preSolution
		Debug|Any CPU = Debug|Any CPU
		Release|Any CPU = Release|Any CPU
	EndGlobalSection
	GlobalSection(ProjectConfigurationPlatforms) = postSolution
		{3D521B71-B4CA-4721-8E2B-1C9B306C98ED}.Debug|Any CPU.ActiveCfg = Debug|Any CPU
		{3D521B71-B4CA-4721-8E2B-1C9B306C98ED}.Debug|Any CPU.Build.0 = Debug|Any CPU
		{3D521B71-B4CA-4721-8E2B-1C9B306C98ED}.Release|Any CPU.ActiveCfg = Release|Any CPU
		{3D521B71-B4CA-4721-8E2B-1C9B306C98ED}.Release|Any CPU.Build.0 = Release|Any CPU
	EndGlobalSection
	GlobalSection(SolutionProperties) = preSolution
		HideSolutionNode = FALSE
	EndGlobalSection
	GlobalSection(ExtensibilityGlobals) = postSolution
		SolutionGuid = {14EA9271-DEF2-434F-82A9-0D43ABCB6383}
	EndGlobalSection
EndGlobal
